schema: '2.0'
stages:
  make_dataset:
    cmd: python ./src/data/make_dataset.py ./data/raw/Nyc_taxi_fare.csv
    deps:
    - path: ./data/raw/Nyc_taxi_fare.csv
      hash: md5
      md5: 0686e4fc98617485dba9fdbabbf1c48d
      size: 70794289
    - path: ./src/data/make_dataset.py
      hash: md5
      md5: b2c0f8e038c5c6b8810347662a1b4038
      size: 1227
    outs:
    - path: ./data/processed
      hash: md5
      md5: a6f37f0f46cacc8896693613cb09c871.dir
      size: 69257315
      nfiles: 2
