schema: '2.0'
stages:
  make_dataset:
    cmd: python ./src/data/make_dataset.py ./data/raw/Nyc_taxi_fare.csv
    deps:
    - path: ./data/raw/Nyc_taxi_fare.csv
      hash: md5
      md5: 5040ae10c2884d02d2e6efb5e6ae5ba7
      size: 270429245
    - path: ./src/data/make_dataset.py
      hash: md5
      md5: b2c0f8e038c5c6b8810347662a1b4038
      size: 1227
    outs:
    - path: ./data/processed
      hash: md5
      md5: 19b6cd452dab1e64ec2fcfa74ca7b5f3.dir
      size: 270298975
      nfiles: 2
